{
  "version": "4",
  "specifiers": {
    "npm:xml-js@*": "1.6.11",
    "npm:xml-js@^1.6.11": "1.6.11"
  },
  "npm": {
    "sax@1.4.1": {
      "integrity": "sha512-+aWOz7yVScEGoKNd4PA10LZ8sk0A/z5+nXQG5giUO5rprX9jgYsTdov9qCchZiPIZezbZH+jRut8nPodFAX4Jg=="
    },
    "xml-js@1.6.11": {
      "integrity": "sha512-7rVi2KMfwfWFl+GpPg6m80IVMWXLRjO+PxTq7V2CDhoGak0wzYzFgUY2m4XJ47OGdXd8eLE8EmwfAmdjw7lC1g==",
      "dependencies": [
        "sax"
      ]
    }
  },
  "workspace": {
    "dependencies": [
      "npm:xml-js@^1.6.11"
    ]
  }
}
